
Microsoft Visual Studio Solution File, Format Version 11.00
# Visual Studio 2010 Express for Windows Phone
Project("{FAE04EC0-301F-11D3-BF4B-00C04F79EFBC}") = "MotionApp", "MotionApp\MotionApp.csproj", "{77122E92-D3EF-416B-80BE-F0ACC742848D}"
EndProject
Global
	GlobalSection(SolutionConfigurationPlatforms) = preSolution
		Debug|Any CPU = Debug|Any CPU
		Release|Any CPU = Release|Any CPU
	EndGlobalSection
	GlobalSection(ProjectConfigurationPlatforms) = postSolution
		{77122E92-D3EF-416B-80BE-F0ACC742848D}.Debug|Any CPU.ActiveCfg = Debug|Any CPU
		{77122E92-D3EF-416B-80BE-F0ACC742848D}.Debug|Any CPU.Build.0 = Debug|Any CPU
		{77122E92-D3EF-416B-80BE-F0ACC742848D}.Debug|Any CPU.Deploy.0 = Debug|Any CPU
		{77122E92-D3EF-416B-80BE-F0ACC742848D}.Release|Any CPU.ActiveCfg = Release|Any CPU
		{77122E92-D3EF-416B-80BE-F0ACC742848D}.Release|Any CPU.Build.0 = Release|Any CPU
		{77122E92-D3EF-416B-80BE-F0ACC742848D}.Release|Any CPU.Deploy.0 = Release|Any CPU
	EndGlobalSection
	GlobalSection(SolutionProperties) = preSolution
		HideSolutionNode = FALSE
	EndGlobalSection
EndGlobal
