
Microsoft Visual Studio Solution File, Format Version 11.00
# Visual Studio 2010 Express for Windows Phone
Project("{FAE04EC0-301F-11D3-BF4B-00C04F79EFBC}") = "PanoramaApp", "PanoramaApp\PanoramaApp.csproj", "{46307981-3305-462F-BA36-72508615AD1E}"
EndProject
Global
	GlobalSection(SolutionConfigurationPlatforms) = preSolution
		Debug|Any CPU = Debug|Any CPU
		Release|Any CPU = Release|Any CPU
	EndGlobalSection
	GlobalSection(ProjectConfigurationPlatforms) = postSolution
		{46307981-3305-462F-BA36-72508615AD1E}.Debug|Any CPU.ActiveCfg = Debug|Any CPU
		{46307981-3305-462F-BA36-72508615AD1E}.Debug|Any CPU.Build.0 = Debug|Any CPU
		{46307981-3305-462F-BA36-72508615AD1E}.Debug|Any CPU.Deploy.0 = Debug|Any CPU
		{46307981-3305-462F-BA36-72508615AD1E}.Release|Any CPU.ActiveCfg = Release|Any CPU
		{46307981-3305-462F-BA36-72508615AD1E}.Release|Any CPU.Build.0 = Release|Any CPU
		{46307981-3305-462F-BA36-72508615AD1E}.Release|Any CPU.Deploy.0 = Release|Any CPU
	EndGlobalSection
	GlobalSection(SolutionProperties) = preSolution
		HideSolutionNode = FALSE
	EndGlobalSection
EndGlobal
