
Microsoft Visual Studio Solution File, Format Version 11.00
# Visual Studio 2010 Express for Windows Phone
Project("{FAE04EC0-301F-11D3-BF4B-00C04F79EFBC}") = "AccelTest", "AccelTest\AccelTest.csproj", "{5C8F848D-D4D8-4A70-BB79-BEF1FD072D54}"
EndProject
Global
	GlobalSection(SolutionConfigurationPlatforms) = preSolution
		Debug|Any CPU = Debug|Any CPU
		Release|Any CPU = Release|Any CPU
	EndGlobalSection
	GlobalSection(ProjectConfigurationPlatforms) = postSolution
		{5C8F848D-D4D8-4A70-BB79-BEF1FD072D54}.Debug|Any CPU.ActiveCfg = Debug|Any CPU
		{5C8F848D-D4D8-4A70-BB79-BEF1FD072D54}.Debug|Any CPU.Build.0 = Debug|Any CPU
		{5C8F848D-D4D8-4A70-BB79-BEF1FD072D54}.Debug|Any CPU.Deploy.0 = Debug|Any CPU
		{5C8F848D-D4D8-4A70-BB79-BEF1FD072D54}.Release|Any CPU.ActiveCfg = Release|Any CPU
		{5C8F848D-D4D8-4A70-BB79-BEF1FD072D54}.Release|Any CPU.Build.0 = Release|Any CPU
		{5C8F848D-D4D8-4A70-BB79-BEF1FD072D54}.Release|Any CPU.Deploy.0 = Release|Any CPU
	EndGlobalSection
	GlobalSection(SolutionProperties) = preSolution
		HideSolutionNode = FALSE
	EndGlobalSection
EndGlobal
