
Microsoft Visual Studio Solution File, Format Version 11.00
# Visual Studio 2010 Express for Windows Phone
Project("{FAE04EC0-301F-11D3-BF4B-00C04F79EFBC}") = "Launchers", "Launchers\Launchers.csproj", "{2E22C31B-3F07-41F4-8CC9-08EAA25DACEB}"
EndProject
Global
	GlobalSection(SolutionConfigurationPlatforms) = preSolution
		Debug|Any CPU = Debug|Any CPU
		Release|Any CPU = Release|Any CPU
	EndGlobalSection
	GlobalSection(ProjectConfigurationPlatforms) = postSolution
		{2E22C31B-3F07-41F4-8CC9-08EAA25DACEB}.Debug|Any CPU.ActiveCfg = Debug|Any CPU
		{2E22C31B-3F07-41F4-8CC9-08EAA25DACEB}.Debug|Any CPU.Build.0 = Debug|Any CPU
		{2E22C31B-3F07-41F4-8CC9-08EAA25DACEB}.Debug|Any CPU.Deploy.0 = Debug|Any CPU
		{2E22C31B-3F07-41F4-8CC9-08EAA25DACEB}.Release|Any CPU.ActiveCfg = Release|Any CPU
		{2E22C31B-3F07-41F4-8CC9-08EAA25DACEB}.Release|Any CPU.Build.0 = Release|Any CPU
		{2E22C31B-3F07-41F4-8CC9-08EAA25DACEB}.Release|Any CPU.Deploy.0 = Release|Any CPU
	EndGlobalSection
	GlobalSection(SolutionProperties) = preSolution
		HideSolutionNode = FALSE
	EndGlobalSection
EndGlobal
