
Microsoft Visual Studio Solution File, Format Version 11.00
# Visual Studio 2010 Express for Windows Phone
Project("{FAE04EC0-301F-11D3-BF4B-00C04F79EFBC}") = "HelloWP2", "HelloWP2\HelloWP2.csproj", "{A8AF3572-0415-4F89-A80F-71628268CCB9}"
EndProject
Global
	GlobalSection(SolutionConfigurationPlatforms) = preSolution
		Debug|Any CPU = Debug|Any CPU
		Release|Any CPU = Release|Any CPU
	EndGlobalSection
	GlobalSection(ProjectConfigurationPlatforms) = postSolution
		{A8AF3572-0415-4F89-A80F-71628268CCB9}.Debug|Any CPU.ActiveCfg = Debug|Any CPU
		{A8AF3572-0415-4F89-A80F-71628268CCB9}.Debug|Any CPU.Build.0 = Debug|Any CPU
		{A8AF3572-0415-4F89-A80F-71628268CCB9}.Debug|Any CPU.Deploy.0 = Debug|Any CPU
		{A8AF3572-0415-4F89-A80F-71628268CCB9}.Release|Any CPU.ActiveCfg = Release|Any CPU
		{A8AF3572-0415-4F89-A80F-71628268CCB9}.Release|Any CPU.Build.0 = Release|Any CPU
		{A8AF3572-0415-4F89-A80F-71628268CCB9}.Release|Any CPU.Deploy.0 = Release|Any CPU
	EndGlobalSection
	GlobalSection(SolutionProperties) = preSolution
		HideSolutionNode = FALSE
	EndGlobalSection
EndGlobal
