
Microsoft Visual Studio Solution File, Format Version 11.00
# Visual Studio 2010 Express for Windows Phone
Project("{FAE04EC0-301F-11D3-BF4B-00C04F79EFBC}") = "MyCamera", "MyCamera\MyCamera.csproj", "{40BABC7A-6C06-4230-B61D-151DFE417B1A}"
EndProject
Global
	GlobalSection(SolutionConfigurationPlatforms) = preSolution
		Debug|Any CPU = Debug|Any CPU
		Release|Any CPU = Release|Any CPU
	EndGlobalSection
	GlobalSection(ProjectConfigurationPlatforms) = postSolution
		{40BABC7A-6C06-4230-B61D-151DFE417B1A}.Debug|Any CPU.ActiveCfg = Debug|Any CPU
		{40BABC7A-6C06-4230-B61D-151DFE417B1A}.Debug|Any CPU.Build.0 = Debug|Any CPU
		{40BABC7A-6C06-4230-B61D-151DFE417B1A}.Debug|Any CPU.Deploy.0 = Debug|Any CPU
		{40BABC7A-6C06-4230-B61D-151DFE417B1A}.Release|Any CPU.ActiveCfg = Release|Any CPU
		{40BABC7A-6C06-4230-B61D-151DFE417B1A}.Release|Any CPU.Build.0 = Release|Any CPU
		{40BABC7A-6C06-4230-B61D-151DFE417B1A}.Release|Any CPU.Deploy.0 = Release|Any CPU
	EndGlobalSection
	GlobalSection(SolutionProperties) = preSolution
		HideSolutionNode = FALSE
	EndGlobalSection
EndGlobal
